// !$*UTF8*$!
{
	archiveVersion = 1;
	classes = {
	};
	objectVersion = 55;
	objects = {

/* Begin PBXBuildFile section */
		6B02190028FE39FF00BB30DC /* RepositoryListVC.swift in Sources */ = {isa = PBXBuildFile; fileRef = 6B0218FF28FE39FF00BB30DC /* RepositoryListVC.swift */; };
		6B02190228FE3D8100BB30DC /* RepositoryListCell.swift in Sources */ = {isa = PBXBuildFile; fileRef = 6B02190128FE3D8100BB30DC /* RepositoryListCell.swift */; };
		6B02190428FE7F9D00BB30DC /* Repository.swift in Sources */ = {isa = PBXBuildFile; fileRef = 6B02190328FE7F9D00BB30DC /* Repository.swift */; };
		6B7E9CC228F4071700252ED5 /* AppDelegate.swift in Sources */ = {isa = PBXBuildFile; fileRef = 6B7E9CC128F4071700252ED5 /* AppDelegate.swift */; };
		6B7E9CC428F4071700252ED5 /* SceneDelegate.swift in Sources */ = {isa = PBXBuildFile; fileRef = 6B7E9CC328F4071700252ED5 /* SceneDelegate.swift */; };
		6B7E9CCB28F4071700252ED5 /* Assets.xcassets in Resources */ = {isa = PBXBuildFile; fileRef = 6B7E9CCA28F4071700252ED5 /* Assets.xcassets */; };
		6B7E9CCE28F4071700252ED5 /* LaunchScreen.storyboard in Resources */ = {isa = PBXBuildFile; fileRef = 6B7E9CCC28F4071700252ED5 /* LaunchScreen.storyboard */; };
		BEB736937ECD19758D24E2EE /* Pods_GitHubRepository_FC.framework in Frameworks */ = {isa = PBXBuildFile; fileRef = 9800622CD63038863D4023B6 /* Pods_GitHubRepository_FC.framework */; };
/* End PBXBuildFile section */

/* Begin PBXFileReference section */
		234CB46A57C915417B074647 /* Pods-GitHubRepository_FC.release.xcconfig */ = {isa = PBXFileReference; includeInIndex = 1; lastKnownFileType = text.xcconfig; name = "Pods-GitHubRepository_FC.release.xcconfig"; path = "Target Support Files/Pods-GitHubRepository_FC/Pods-GitHubRepository_FC.release.xcconfig"; sourceTree = "<group>"; };
		6B0218FF28FE39FF00BB30DC /* RepositoryListVC.swift */ = {isa = PBXFileReference; lastKnownFileType = sourcecode.swift; path = RepositoryListVC.swift; sourceTree = "<group>"; };
		6B02190128FE3D8100BB30DC /* RepositoryListCell.swift */ = {isa = PBXFileReference; lastKnownFileType = sourcecode.swift; path = RepositoryListCell.swift; sourceTree = "<group>"; };
		6B02190328FE7F9D00BB30DC /* Repository.swift */ = {isa = PBXFileReference; lastKnownFileType = sourcecode.swift; path = Repository.swift; sourceTree = "<group>"; };
		6B7E9CBE28F4071700252ED5 /* GitHubRepository_FC.app */ = {isa = PBXFileReference; explicitFileType = wrapper.application; includeInIndex = 0; path = GitHubRepository_FC.app; sourceTree = BUILT_PRODUCTS_DIR; };
		6B7E9CC128F4071700252ED5 /* AppDelegate.swift */ = {isa = PBXFileReference; lastKnownFileType = sourcecode.swift; path = AppDelegate.swift; sourceTree = "<group>"; };
		6B7E9CC328F4071700252ED5 /* SceneDelegate.swift */ = {isa = PBXFileReference; lastKnownFileType = sourcecode.swift; path = SceneDelegate.swift; sourceTree = "<group>"; };
		6B7E9CCA28F4071700252ED5 /* Assets.xcassets */ = {isa = PBXFileReference; lastKnownFileType = folder.assetcatalog; path = Assets.xcassets; sourceTree = "<group>"; };
		6B7E9CCD28F4071700252ED5 /* Base */ = {isa = PBXFileReference; lastKnownFileType = file.storyboard; name = Base; path = Base.lproj/LaunchScreen.storyboard; sourceTree = "<group>"; };
		6B7E9CCF28F4071700252ED5 /* Info.plist */ = {isa = PBXFileReference; lastKnownFileType = text.plist.xml; path = Info.plist; sourceTree = "<group>"; };
		9800622CD63038863D4023B6 /* Pods_GitHubRepository_FC.framework */ = {isa = PBXFileReference; explicitFileType = wrapper.framework; includeInIndex = 0; path = Pods_GitHubRepository_FC.framework; sourceTree = BUILT_PRODUCTS_DIR; };
		DDCB397728A0CF7118BA9253 /* Pods-GitHubRepository_FC.debug.xcconfig */ = {isa = PBXFileReference; includeInIndex = 1; lastKnownFileType = text.xcconfig; name = "Pods-GitHubRepository_FC.debug.xcconfig"; path = "Target Support Files/Pods-GitHubRepository_FC/Pods-GitHubRepository_FC.debug.xcconfig"; sourceTree = "<group>"; };
/* End PBXFileReference section */

/* Begin PBXFrameworksBuildPhase section */
		6B7E9CBB28F4071700252ED5 /* Frameworks */ = {
			isa = PBXFrameworksBuildPhase;
			buildActionMask = 2147483647;
			files = (
				BEB736937ECD19758D24E2EE /* Pods_GitHubRepository_FC.framework in Frameworks */,
			);
			runOnlyForDeploymentPostprocessing = 0;
		};
/* End PBXFrameworksBuildPhase section */

/* Begin PBXGroup section */
		6B7E9CB528F4071700252ED5 = {
			isa = PBXGroup;
			children = (
				6B7E9CC028F4071700252ED5 /* GitHubRepository_FC */,
				6B7E9CBF28F4071700252ED5 /* Products */,
				FDD1913410C5C1783E545361 /* Pods */,
				BAAE13DCB0AD8D846795EB24 /* Frameworks */,
			);
			sourceTree = "<group>";
		};
		6B7E9CBF28F4071700252ED5 /* Products */ = {
			isa = PBXGroup;
			children = (
				6B7E9CBE28F4071700252ED5 /* GitHubRepository_FC.app */,
			);
			name = Products;
			sourceTree = "<group>";
		};
		6B7E9CC028F4071700252ED5 /* GitHubRepository_FC */ = {
			isa = PBXGroup;
			children = (
				6B7E9CC128F4071700252ED5 /* AppDelegate.swift */,
				6B7E9CC328F4071700252ED5 /* SceneDelegate.swift */,
				6B0218FF28FE39FF00BB30DC /* RepositoryListVC.swift */,
				6B02190128FE3D8100BB30DC /* RepositoryListCell.swift */,
				6B7E9CCA28F4071700252ED5 /* Assets.xcassets */,
				6B7E9CCC28F4071700252ED5 /* LaunchScreen.storyboard */,
				6B7E9CCF28F4071700252ED5 /* Info.plist */,
				6B02190328FE7F9D00BB30DC /* Repository.swift */,
			);
			path = GitHubRepository_FC;
			sourceTree = "<group>";
		};
		BAAE13DCB0AD8D846795EB24 /* Frameworks */ = {
			isa = PBXGroup;
			children = (
				9800622CD63038863D4023B6 /* Pods_GitHubRepository_FC.framework */,
			);
			name = Frameworks;
			sourceTree = "<group>";
		};
		FDD1913410C5C1783E545361 /* Pods */ = {
			isa = PBXGroup;
			children = (
				DDCB397728A0CF7118BA9253 /* Pods-GitHubRepository_FC.debug.xcconfig */,
				234CB46A57C915417B074647 /* Pods-GitHubRepository_FC.release.xcconfig */,
			);
			path = Pods;
			sourceTree = "<group>";
		};
/* End PBXGroup section */

/* Begin PBXNativeTarget section */
		6B7E9CBD28F4071700252ED5 /* GitHubRepository_FC */ = {
			isa = PBXNativeTarget;
			buildConfigurationList = 6B7E9CD228F4071700252ED5 /* Build configuration list for PBXNativeTarget "GitHubRepository_FC" */;
			buildPhases = (
				65803169DFAADE866218B283 /* [CP] Check Pods Manifest.lock */,
				6B7E9CBA28F4071700252ED5 /* Sources */,
				6B7E9CBB28F4071700252ED5 /* Frameworks */,
				6B7E9CBC28F4071700252ED5 /* Resources */,
				56F9496CBF599FAAACD06F95 /* [CP] Embed Pods Frameworks */,
			);
			buildRules = (
			);
			dependencies = (
			);
			name = GitHubRepository_FC;
			productName = GitHubRepository_FC;
			productReference = 6B7E9CBE28F4071700252ED5 /* GitHubRepository_FC.app */;
			productType = "com.apple.product-type.application";
		};
/* End PBXNativeTarget section */

/* Begin PBXProject section */
		6B7E9CB628F4071700252ED5 /* Project object */ = {
			isa = PBXProject;
			attributes = {
				BuildIndependentTargetsInParallel = 1;
				LastSwiftUpdateCheck = 1340;
				LastUpgradeCheck = 1340;
				TargetAttributes = {
					6B7E9CBD28F4071700252ED5 = {
						CreatedOnToolsVersion = 13.4.1;
					};
				};
			};
			buildConfigurationList = 6B7E9CB928F4071700252ED5 /* Build configuration list for PBXProject "GitHubRepository_FC" */;
			compatibilityVersion = "Xcode 13.0";
			developmentRegion = en;
			hasScannedForEncodings = 0;
			knownRegions = (
				en,
				Base,
			);
			mainGroup = 6B7E9CB528F4071700252ED5;
			productRefGroup = 6B7E9CBF28F4071700252ED5 /* Products */;
			projectDirPath = "";
			projectRoot = "";
			targets = (
				6B7E9CBD28F4071700252ED5 /* GitHubRepository_FC */,
			);
		};
/* End PBXProject section */

/* Begin PBXResourcesBuildPhase section */
		6B7E9CBC28F4071700252ED5 /* Resources */ = {
			isa = PBXResourcesBuildPhase;
			buildActionMask = 2147483647;
			files = (
				6B7E9CCE28F4071700252ED5 /* LaunchScreen.storyboard in Resources */,
				6B7E9CCB28F4071700252ED5 /* Assets.xcassets in Resources */,
			);
			runOnlyForDeploymentPostprocessing = 0;
		};
/* End PBXResourcesBuildPhase section */

/* Begin PBXShellScriptBuildPhase section */
		56F9496CBF599FAAACD06F95 /* [CP] Embed Pods Frameworks */ = {
			isa = PBXShellScriptBuildPhase;
			buildActionMask = 2147483647;
			files = (
			);
			inputFileListPaths = (
				"${PODS_ROOT}/Target Support Files/Pods-GitHubRepository_FC/Pods-GitHubRepository_FC-frameworks-${CONFIGURATION}-input-files.xcfilelist",
			);
			name = "[CP] Embed Pods Frameworks";
			outputFileListPaths = (
				"${PODS_ROOT}/Target Support Files/Pods-GitHubRepository_FC/Pods-GitHubRepository_FC-frameworks-${CONFIGURATION}-output-files.xcfilelist",
			);
			runOnlyForDeploymentPostprocessing = 0;
			shellPath = /bin/sh;
			shellScript = "\"${PODS_ROOT}/Target Support Files/Pods-GitHubRepository_FC/Pods-GitHubRepository_FC-frameworks.sh\"\n";
			showEnvVarsInLog = 0;
		};
		65803169DFAADE866218B283 /* [CP] Check Pods Manifest.lock */ = {
			isa = PBXShellScriptBuildPhase;
			buildActionMask = 2147483647;
			files = (
			);
			inputFileListPaths = (
			);
			inputPaths = (
				"${PODS_PODFILE_DIR_PATH}/Podfile.lock",
				"${PODS_ROOT}/Manifest.lock",
			);
			name = "[CP] Check Pods Manifest.lock";
			outputFileListPaths = (
			);
			outputPaths = (
				"$(DERIVED_FILE_DIR)/Pods-GitHubRepository_FC-checkManifestLockResult.txt",
			);
			runOnlyForDeploymentPostprocessing = 0;
			shellPath = /bin/sh;
			shellScript = "diff \"${PODS_PODFILE_DIR_PATH}/Podfile.lock\" \"${PODS_ROOT}/Manifest.lock\" > /dev/null\nif [ $? != 0 ] ; then\n    # print error to STDERR\n    echo \"error: The sandbox is not in sync with the Podfile.lock. Run 'pod install' or update your CocoaPods installation.\" >&2\n    exit 1\nfi\n# This output is used by Xcode 'outputs' to avoid re-running this script phase.\necho \"SUCCESS\" > \"${SCRIPT_OUTPUT_FILE_0}\"\n";
			showEnvVarsInLog = 0;
		};
/* End PBXShellScriptBuildPhase section */

/* Begin PBXSourcesBuildPhase section */
		6B7E9CBA28F4071700252ED5 /* Sources */ = {
			isa = PBXSourcesBuildPhase;
			buildActionMask = 2147483647;
			files = (
				6B02190028FE39FF00BB30DC /* RepositoryListVC.swift in Sources */,
				6B7E9CC228F4071700252ED5 /* AppDelegate.swift in Sources */,
				6B02190428FE7F9D00BB30DC /* Repository.swift in Sources */,
				6B7E9CC428F4071700252ED5 /* SceneDelegate.swift in Sources */,
				6B02190228FE3D8100BB30DC /* RepositoryListCell.swift in Sources */,
			);
			runOnlyForDeploymentPostprocessing = 0;
		};
/* End PBXSourcesBuildPhase section */

/* Begin PBXVariantGroup section */
		6B7E9CCC28F4071700252ED5 /* LaunchScreen.storyboard */ = {
			isa = PBXVariantGroup;
			children = (
				6B7E9CCD28F4071700252ED5 /* Base */,
			);
			name = LaunchScreen.storyboard;
			sourceTree = "<group>";
		};
/* End PBXVariantGroup section */

/* Begin XCBuildConfiguration section */
		6B7E9CD028F4071700252ED5 /* Debug */ = {
			isa = XCBuildConfiguration;
			buildSettings = {
				ALWAYS_SEARCH_USER_PATHS = NO;
				CLANG_ANALYZER_NONNULL = YES;
				CLANG_ANALYZER_NUMBER_OBJECT_CONVERSION = YES_AGGRESSIVE;
				CLANG_CXX_LANGUAGE_STANDARD = "gnu++17";
				CLANG_ENABLE_MODULES = YES;
				CLANG_ENABLE_OBJC_ARC = YES;
				CLANG_ENABLE_OBJC_WEAK = YES;
				CLANG_WARN_BLOCK_CAPTURE_AUTORELEASING = YES;
				CLANG_WARN_BOOL_CONVERSION = YES;
				CLANG_WARN_COMMA = YES;
				CLANG_WARN_CONSTANT_CONVERSION = YES;
				CLANG_WARN_DEPRECATED_OBJC_IMPLEMENTATIONS = YES;
				CLANG_WARN_DIRECT_OBJC_ISA_USAGE = YES_ERROR;
				CLANG_WARN_DOCUMENTATION_COMMENTS = YES;
				CLANG_WARN_EMPTY_BODY = YES;
				CLANG_WARN_ENUM_CONVERSION = YES;
				CLANG_WARN_INFINITE_RECURSION = YES;
				CLANG_WARN_INT_CONVERSION = YES;
				CLANG_WARN_NON_LITERAL_NULL_CONVERSION = YES;
				CLANG_WARN_OBJC_IMPLICIT_RETAIN_SELF = YES;
				CLANG_WARN_OBJC_LITERAL_CONVERSION = YES;
				CLANG_WARN_OBJC_ROOT_CLASS = YES_ERROR;
				CLANG_WARN_QUOTED_INCLUDE_IN_FRAMEWORK_HEADER = YES;
				CLANG_WARN_RANGE_LOOP_ANALYSIS = YES;
				CLANG_WARN_STRICT_PROTOTYPES = YES;
				CLANG_WARN_SUSPICIOUS_MOVE = YES;
				CLANG_WARN_UNGUARDED_AVAILABILITY = YES_AGGRESSIVE;
				CLANG_WARN_UNREACHABLE_CODE = YES;
				CLANG_WARN__DUPLICATE_METHOD_MATCH = YES;
				COPY_PHASE_STRIP = NO;
				DEBUG_INFORMATION_FORMAT = dwarf;
				ENABLE_STRICT_OBJC_MSGSEND = YES;
				ENABLE_TESTABILITY = YES;
				GCC_C_LANGUAGE_STANDARD = gnu11;
				GCC_DYNAMIC_NO_PIC = NO;
				GCC_NO_COMMON_BLOCKS = YES;
				GCC_OPTIMIZATION_LEVEL = 0;
				GCC_PREPROCESSOR_DEFINITIONS = (
					"DEBUG=1",
					"$(inherited)",
				);
				GCC_WARN_64_TO_32_BIT_CONVERSION = YES;
				GCC_WARN_ABOUT_RETURN_TYPE = YES_ERROR;
				GCC_WARN_UNDECLARED_SELECTOR = YES;
				GCC_WARN_UNINITIALIZED_AUTOS = YES_AGGRESSIVE;
				GCC_WARN_UNUSED_FUNCTION = YES;
				GCC_WARN_UNUSED_VARIABLE = YES;
				IPHONEOS_DEPLOYMENT_TARGET = 15.5;
				MTL_ENABLE_DEBUG_INFO = INCLUDE_SOURCE;
				MTL_FAST_MATH = YES;
				ONLY_ACTIVE_ARCH = YES;
				SDKROOT = iphoneos;
				SWIFT_ACTIVE_COMPILATION_CONDITIONS = DEBUG;
				SWIFT_OPTIMIZATION_LEVEL = "-Onone";
			};
			name = Debug;
		};
		6B7E9CD128F4071700252ED5 /* Release */ = {
			isa = XCBuildConfiguration;
			buildSettings = {
				ALWAYS_SEARCH_USER_PATHS = NO;
				CLANG_ANALYZER_NONNULL = YES;
				CLANG_ANALYZER_NUMBER_OBJECT_CONVERSION = YES_AGGRESSIVE;
				CLANG_CXX_LANGUAGE_STANDARD = "gnu++17";
				CLANG_ENABLE_MODULES = YES;
				CLANG_ENABLE_OBJC_ARC = YES;
				CLANG_ENABLE_OBJC_WEAK = YES;
				CLANG_WARN_BLOCK_CAPTURE_AUTORELEASING = YES;
				CLANG_WARN_BOOL_CONVERSION = YES;
				CLANG_WARN_COMMA = YES;
				CLANG_WARN_CONSTANT_CONVERSION = YES;
				CLANG_WARN_DEPRECATED_OBJC_IMPLEMENTATIONS = YES;
				CLANG_WARN_DIRECT_OBJC_ISA_USAGE = YES_ERROR;
				CLANG_WARN_DOCUMENTATION_COMMENTS = YES;
				CLANG_WARN_EMPTY_BODY = YES;
				CLANG_WARN_ENUM_CONVERSION = YES;
				CLANG_WARN_INFINITE_RECURSION = YES;
				CLANG_WARN_INT_CONVERSION = YES;
				CLANG_WARN_NON_LITERAL_NULL_CONVERSION = YES;
				CLANG_WARN_OBJC_IMPLICIT_RETAIN_SELF = YES;
				CLANG_WARN_OBJC_LITERAL_CONVERSION = YES;
				CLANG_WARN_OBJC_ROOT_CLASS = YES_ERROR;
				CLANG_WARN_QUOTED_INCLUDE_IN_FRAMEWORK_HEADER = YES;
				CLANG_WARN_RANGE_LOOP_ANALYSIS = YES;
				CLANG_WARN_STRICT_PROTOTYPES = YES;
				CLANG_WARN_SUSPICIOUS_MOVE = YES;
				CLANG_WARN_UNGUARDED_AVAILABILITY = YES_AGGRESSIVE;
				CLANG_WARN_UNREACHABLE_CODE = YES;
				CLANG_WARN__DUPLICATE_METHOD_MATCH = YES;
				COPY_PHASE_STRIP = NO;
				DEBUG_INFORMATION_FORMAT = "dwarf-with-dsym";
				ENABLE_NS_ASSERTIONS = NO;
				ENABLE_STRICT_OBJC_MSGSEND = YES;
				GCC_C_LANGUAGE_STANDARD = gnu11;
				GCC_NO_COMMON_BLOCKS = YES;
				GCC_WARN_64_TO_32_BIT_CONVERSION = YES;
				GCC_WARN_ABOUT_RETURN_TYPE = YES_ERROR;
				GCC_WARN_UNDECLARED_SELECTOR = YES;
				GCC_WARN_UNINITIALIZED_AUTOS = YES_AGGRESSIVE;
				GCC_WARN_UNUSED_FUNCTION = YES;
				GCC_WARN_UNUSED_VARIABLE = YES;
				IPHONEOS_DEPLOYMENT_TARGET = 15.5;
				MTL_ENABLE_DEBUG_INFO = NO;
				MTL_FAST_MATH = YES;
				SDKROOT = iphoneos;
				SWIFT_COMPILATION_MODE = wholemodule;
				SWIFT_OPTIMIZATION_LEVEL = "-O";
				VALIDATE_PRODUCT = YES;
			};
			name = Release;
		};
		6B7E9CD328F4071700252ED5 /* Debug */ = {
			isa = XCBuildConfiguration;
			baseConfigurationReference = DDCB397728A0CF7118BA9253 /* Pods-GitHubRepository_FC.debug.xcconfig */;
			buildSettings = {
				ASSETCATALOG_COMPILER_APPICON_NAME = AppIcon;
				ASSETCATALOG_COMPILER_GLOBAL_ACCENT_COLOR_NAME = AccentColor;
				CODE_SIGN_STYLE = Automatic;
				CURRENT_PROJECT_VERSION = 1;
				DEVELOPMENT_TEAM = 788V8JND7A;
				GENERATE_INFOPLIST_FILE = YES;
				INFOPLIST_FILE = GitHubRepository_FC/Info.plist;
				INFOPLIST_KEY_UIApplicationSupportsIndirectInputEvents = YES;
				INFOPLIST_KEY_UILaunchStoryboardName = LaunchScreen;
				INFOPLIST_KEY_UIMainStoryboardFile = Main;
				INFOPLIST_KEY_UISupportedInterfaceOrientations_iPad = "UIInterfaceOrientationPortrait UIInterfaceOrientationPortraitUpsideDown UIInterfaceOrientationLandscapeLeft UIInterfaceOrientationLandscapeRight";
				INFOPLIST_KEY_UISupportedInterfaceOrientations_iPhone = "UIInterfaceOrientationPortrait UIInterfaceOrientationLandscapeLeft UIInterfaceOrientationLandscapeRight";
				LD_RUNPATH_SEARCH_PATHS = (
					"$(inherited)",
					"@executable_path/Frameworks",
				);
				MARKETING_VERSION = 1.0;
				PRODUCT_BUNDLE_IDENTIFIER = "kr.yoonds.GitHubRepository-FC";
				PRODUCT_NAME = "$(TARGET_NAME)";
				SWIFT_EMIT_LOC_STRINGS = YES;
				SWIFT_VERSION = 5.0;
				TARGETED_DEVICE_FAMILY = "1,2";
			};
			name = Debug;
		};
		6B7E9CD428F4071700252ED5 /* Release */ = {
			isa = XCBuildConfiguration;
			baseConfigurationReference = 234CB46A57C915417B074647 /* Pods-GitHubRepository_FC.release.xcconfig */;
			buildSettings = {
				ASSETCATALOG_COMPILER_APPICON_NAME = AppIcon;
				ASSETCATALOG_COMPILER_GLOBAL_ACCENT_COLOR_NAME = AccentColor;
				CODE_SIGN_STYLE = Automatic;
				CURRENT_PROJECT_VERSION = 1;
				DEVELOPMENT_TEAM = 788V8JND7A;
				GENERATE_INFOPLIST_FILE = YES;
				INFOPLIST_FILE = GitHubRepository_FC/Info.plist;
				INFOPLIST_KEY_UIApplicationSupportsIndirectInputEvents = YES;
				INFOPLIST_KEY_UILaunchStoryboardName = LaunchScreen;
				INFOPLIST_KEY_UIMainStoryboardFile = Main;
				INFOPLIST_KEY_UISupportedInterfaceOrientations_iPad = "UIInterfaceOrientationPortrait UIInterfaceOrientationPortraitUpsideDown UIInterfaceOrientationLandscapeLeft UIInterfaceOrientationLandscapeRight";
				INFOPLIST_KEY_UISupportedInterfaceOrientations_iPhone = "UIInterfaceOrientationPortrait UIInterfaceOrientationLandscapeLeft UIInterfaceOrientationLandscapeRight";
				LD_RUNPATH_SEARCH_PATHS = (
					"$(inherited)",
					"@executable_path/Frameworks",
				);
				MARKETING_VERSION = 1.0;
				PRODUCT_BUNDLE_IDENTIFIER = "kr.yoonds.GitHubRepository-FC";
				PRODUCT_NAME = "$(TARGET_NAME)";
				SWIFT_EMIT_LOC_STRINGS = YES;
				SWIFT_VERSION = 5.0;
				TARGETED_DEVICE_FAMILY = "1,2";
			};
			name = Release;
		};
/* End XCBuildConfiguration section */

/* Begin XCConfigurationList section */
		6B7E9CB928F4071700252ED5 /* Build configuration list for PBXProject "GitHubRepository_FC" */ = {
			isa = XCConfigurationList;
			buildConfigurations = (
				6B7E9CD028F4071700252ED5 /* Debug */,
				6B7E9CD128F4071700252ED5 /* Release */,
			);
			defaultConfigurationIsVisible = 0;
			defaultConfigurationName = Release;
		};
		6B7E9CD228F4071700252ED5 /* Build configuration list for PBXNativeTarget "GitHubRepository_FC" */ = {
			isa = XCConfigurationList;
			buildConfigurations = (
				6B7E9CD328F4071700252ED5 /* Debug */,
				6B7E9CD428F4071700252ED5 /* Release */,
			);
			defaultConfigurationIsVisible = 0;
			defaultConfigurationName = Release;
		};
/* End XCConfigurationList section */
	};
	rootObject = 6B7E9CB628F4071700252ED5 /* Project object */;
}
